
Microsoft Visual Studio Solution File, Format Version 12.00
# Visual Studio Version 16
VisualStudioVersion = 16.0.30523.141
MinimumVisualStudioVersion = 10.0.40219.1
Project("{F184B08F-C81C-45F6-A57F-5ABD9991F28F}") = "DanielHirajPortfolio", "DanielHirajPortfolio\DanielHirajPortfolio.vbproj", "{3488B361-8782-4578-A52D-3705A61205D7}"
EndProject
Global
	GlobalSection(SolutionConfigurationPlatforms) = preSolution
		Debug|Any CPU = Debug|Any CPU
		Release|Any CPU = Release|Any CPU
	EndGlobalSection
	GlobalSection(ProjectConfigurationPlatforms) = postSolution
		{3488B361-8782-4578-A52D-3705A61205D7}.Debug|Any CPU.ActiveCfg = Debug|Any CPU
		{3488B361-8782-4578-A52D-3705A61205D7}.Debug|Any CPU.Build.0 = Debug|Any CPU
		{3488B361-8782-4578-A52D-3705A61205D7}.Release|Any CPU.ActiveCfg = Release|Any CPU
		{3488B361-8782-4578-A52D-3705A61205D7}.Release|Any CPU.Build.0 = Release|Any CPU
	EndGlobalSection
	GlobalSection(SolutionProperties) = preSolution
		HideSolutionNode = FALSE
	EndGlobalSection
	GlobalSection(ExtensibilityGlobals) = postSolution
		SolutionGuid = {6E8131F0-A2DA-4ABF-8FBD-11704C794C09}
	EndGlobalSection
EndGlobal
